
Microsoft Visual Studio Solution File, Format Version 12.00
# Visual Studio 15
VisualStudioVersion = 15.0.27004.2006
MinimumVisualStudioVersion = 10.0.40219.1
Project("{FAE04EC0-301F-11D3-BF4B-00C04F79EFBC}") = "2.6", "2.6\2.6.csproj", "{F993C8C6-DDCA-4192-A222-69C89BE3F6BB}"
EndProject
Global
	GlobalSection(SolutionConfigurationPlatforms) = preSolution
		Debug|Any CPU = Debug|Any CPU
		Release|Any CPU = Release|Any CPU
	EndGlobalSection
	GlobalSection(ProjectConfigurationPlatforms) = postSolution
		{F993C8C6-DDCA-4192-A222-69C89BE3F6BB}.Debug|Any CPU.ActiveCfg = Debug|Any CPU
		{F993C8C6-DDCA-4192-A222-69C89BE3F6BB}.Debug|Any CPU.Build.0 = Debug|Any CPU
		{F993C8C6-DDCA-4192-A222-69C89BE3F6BB}.Release|Any CPU.ActiveCfg = Release|Any CPU
		{F993C8C6-DDCA-4192-A222-69C89BE3F6BB}.Release|Any CPU.Build.0 = Release|Any CPU
	EndGlobalSection
	GlobalSection(SolutionProperties) = preSolution
		HideSolutionNode = FALSE
	EndGlobalSection
	GlobalSection(ExtensibilityGlobals) = postSolution
		SolutionGuid = {E14246D3-79E4-415B-9D93-AF47097B6879}
	EndGlobalSection
EndGlobal
