
Microsoft Visual Studio Solution File, Format Version 12.00
# Visual Studio 15
VisualStudioVersion = 15.0.27004.2006
MinimumVisualStudioVersion = 10.0.40219.1
Project("{FAE04EC0-301F-11D3-BF4B-00C04F79EFBC}") = "ConsoleApp1", "ConsoleApp1\ConsoleApp1.csproj", "{BD22E5E4-D019-41A9-9B5F-C894DA3EBEAE}"
EndProject
Project("{2150E333-8FDC-42A3-9474-1A3956D46DE8}") = "Solution Items", "Solution Items", "{F5CADE88-5430-4B7E-BCF6-F3E36608E254}"
	ProjectSection(SolutionItems) = preProject
		Frame.cs = Frame.cs
	EndProjectSection
EndProject
Global
	GlobalSection(SolutionConfigurationPlatforms) = preSolution
		Debug|Any CPU = Debug|Any CPU
		Release|Any CPU = Release|Any CPU
	EndGlobalSection
	GlobalSection(ProjectConfigurationPlatforms) = postSolution
		{BD22E5E4-D019-41A9-9B5F-C894DA3EBEAE}.Debug|Any CPU.ActiveCfg = Debug|Any CPU
		{BD22E5E4-D019-41A9-9B5F-C894DA3EBEAE}.Debug|Any CPU.Build.0 = Debug|Any CPU
		{BD22E5E4-D019-41A9-9B5F-C894DA3EBEAE}.Release|Any CPU.ActiveCfg = Release|Any CPU
		{BD22E5E4-D019-41A9-9B5F-C894DA3EBEAE}.Release|Any CPU.Build.0 = Release|Any CPU
	EndGlobalSection
	GlobalSection(SolutionProperties) = preSolution
		HideSolutionNode = FALSE
	EndGlobalSection
	GlobalSection(ExtensibilityGlobals) = postSolution
		SolutionGuid = {D908D53D-6034-478B-B6F5-A5805754F820}
	EndGlobalSection
EndGlobal
